// !$*UTF8*$!
{
	archiveVersion = 1;
	classes = {
	};
	objectVersion = 46;
	objects = {

/* Begin PBXBuildFile section */
		BA84CA6E193D5DDF00C7BF0F /* Foundation.framework in Frameworks */ = {isa = PBXBuildFile; fileRef = BA84CA6D193D5DDF00C7BF0F /* Foundation.framework */; };
		BA84CA70193D5DDF00C7BF0F /* CoreGraphics.framework in Frameworks */ = {isa = PBXBuildFile; fileRef = BA84CA6F193D5DDF00C7BF0F /* CoreGraphics.framework */; };
		BA84CA72193D5DDF00C7BF0F /* UIKit.framework in Frameworks */ = {isa = PBXBuildFile; fileRef = BA84CA71193D5DDF00C7BF0F /* UIKit.framework */; };
		BA84CA78193D5DDF00C7BF0F /* InfoPlist.strings in Resources */ = {isa = PBXBuildFile; fileRef = BA84CA76193D5DDF00C7BF0F /* InfoPlist.strings */; };
		BA84CA7A193D5DDF00C7BF0F /* main.m in Sources */ = {isa = PBXBuildFile; fileRef = BA84CA79193D5DDF00C7BF0F /* main.m */; };
		BA84CA7E193D5DDF00C7BF0F /* AppDelegate.m in Sources */ = {isa = PBXBuildFile; fileRef = BA84CA7D193D5DDF00C7BF0F /* AppDelegate.m */; };
		BA84CA86193D5DDF00C7BF0F /* Images.xcassets in Resources */ = {isa = PBXBuildFile; fileRef = BA84CA85193D5DDF00C7BF0F /* Images.xcassets */; };
		BA84CA8D193D5DDF00C7BF0F /* XCTest.framework in Frameworks */ = {isa = PBXBuildFile; fileRef = BA84CA8C193D5DDF00C7BF0F /* XCTest.framework */; };
		BA84CA8E193D5DDF00C7BF0F /* Foundation.framework in Frameworks */ = {isa = PBXBuildFile; fileRef = BA84CA6D193D5DDF00C7BF0F /* Foundation.framework */; };
		BA84CA8F193D5DDF00C7BF0F /* UIKit.framework in Frameworks */ = {isa = PBXBuildFile; fileRef = BA84CA71193D5DDF00C7BF0F /* UIKit.framework */; };
		BA84CA97193D5DDF00C7BF0F /* InfoPlist.strings in Resources */ = {isa = PBXBuildFile; fileRef = BA84CA95193D5DDF00C7BF0F /* InfoPlist.strings */; };
		BA84CA99193D5DDF00C7BF0F /* PhotoViewerTests.m in Sources */ = {isa = PBXBuildFile; fileRef = BA84CA98193D5DDF00C7BF0F /* PhotoViewerTests.m */; };
		BA84CAA3193D606A00C7BF0F /* Main.storyboard in Resources */ = {isa = PBXBuildFile; fileRef = BA84CAA2193D606A00C7BF0F /* Main.storyboard */; };
		BA84CAA6193D71B900C7BF0F /* Photo.m in Sources */ = {isa = PBXBuildFile; fileRef = BA84CAA5193D71B900C7BF0F /* Photo.m */; };
		BA84CAA9193D722A00C7BF0F /* PhotosTableViewController.m in Sources */ = {isa = PBXBuildFile; fileRef = BA84CAA8193D722A00C7BF0F /* PhotosTableViewController.m */; };
		BA84CAAC193D725100C7BF0F /* DisplayViewController.m in Sources */ = {isa = PBXBuildFile; fileRef = BA84CAAB193D725100C7BF0F /* DisplayViewController.m */; };
		BA84CAAF193D725E00C7BF0F /* InfoViewController.m in Sources */ = {isa = PBXBuildFile; fileRef = BA84CAAE193D725E00C7BF0F /* InfoViewController.m */; };
/* End PBXBuildFile section */

/* Begin PBXContainerItemProxy section */
		BA84CA90193D5DDF00C7BF0F /* PBXContainerItemProxy */ = {
			isa = PBXContainerItemProxy;
			containerPortal = BA84CA62193D5DDF00C7BF0F /* Project object */;
			proxyType = 1;
			remoteGlobalIDString = BA84CA69193D5DDF00C7BF0F;
			remoteInfo = PhotoViewer;
		};
/* End PBXContainerItemProxy section */

/* Begin PBXFileReference section */
		BA84CA6A193D5DDF00C7BF0F /* PhotoViewer.app */ = {isa = PBXFileReference; explicitFileType = wrapper.application; includeInIndex = 0; path = PhotoViewer.app; sourceTree = BUILT_PRODUCTS_DIR; };
		BA84CA6D193D5DDF00C7BF0F /* Foundation.framework */ = {isa = PBXFileReference; lastKnownFileType = wrapper.framework; name = Foundation.framework; path = System/Library/Frameworks/Foundation.framework; sourceTree = SDKROOT; };
		BA84CA6F193D5DDF00C7BF0F /* CoreGraphics.framework */ = {isa = PBXFileReference; lastKnownFileType = wrapper.framework; name = CoreGraphics.framework; path = System/Library/Frameworks/CoreGraphics.framework; sourceTree = SDKROOT; };
		BA84CA71193D5DDF00C7BF0F /* UIKit.framework */ = {isa = PBXFileReference; lastKnownFileType = wrapper.framework; name = UIKit.framework; path = System/Library/Frameworks/UIKit.framework; sourceTree = SDKROOT; };
		BA84CA75193D5DDF00C7BF0F /* PhotoViewer-Info.plist */ = {isa = PBXFileReference; lastKnownFileType = text.plist.xml; path = "PhotoViewer-Info.plist"; sourceTree = "<group>"; };
		BA84CA77193D5DDF00C7BF0F /* en */ = {isa = PBXFileReference; lastKnownFileType = text.plist.strings; name = en; path = en.lproj/InfoPlist.strings; sourceTree = "<group>"; };
		BA84CA79193D5DDF00C7BF0F /* main.m */ = {isa = PBXFileReference; lastKnownFileType = sourcecode.c.objc; path = main.m; sourceTree = "<group>"; };
		BA84CA7B193D5DDF00C7BF0F /* PhotoViewer-Prefix.pch */ = {isa = PBXFileReference; lastKnownFileType = sourcecode.c.h; path = "PhotoViewer-Prefix.pch"; sourceTree = "<group>"; };
		BA84CA7C193D5DDF00C7BF0F /* AppDelegate.h */ = {isa = PBXFileReference; lastKnownFileType = sourcecode.c.h; path = AppDelegate.h; sourceTree = "<group>"; };
		BA84CA7D193D5DDF00C7BF0F /* AppDelegate.m */ = {isa = PBXFileReference; lastKnownFileType = sourcecode.c.objc; path = AppDelegate.m; sourceTree = "<group>"; };
		BA84CA85193D5DDF00C7BF0F /* Images.xcassets */ = {isa = PBXFileReference; lastKnownFileType = folder.assetcatalog; path = Images.xcassets; sourceTree = "<group>"; };
		BA84CA8B193D5DDF00C7BF0F /* PhotoViewerTests.xctest */ = {isa = PBXFileReference; explicitFileType = wrapper.cfbundle; includeInIndex = 0; path = PhotoViewerTests.xctest; sourceTree = BUILT_PRODUCTS_DIR; };
		BA84CA8C193D5DDF00C7BF0F /* XCTest.framework */ = {isa = PBXFileReference; lastKnownFileType = wrapper.framework; name = XCTest.framework; path = Library/Frameworks/XCTest.framework; sourceTree = DEVELOPER_DIR; };
		BA84CA94193D5DDF00C7BF0F /* PhotoViewerTests-Info.plist */ = {isa = PBXFileReference; lastKnownFileType = text.plist.xml; path = "PhotoViewerTests-Info.plist"; sourceTree = "<group>"; };
		BA84CA96193D5DDF00C7BF0F /* en */ = {isa = PBXFileReference; lastKnownFileType = text.plist.strings; name = en; path = en.lproj/InfoPlist.strings; sourceTree = "<group>"; };
		BA84CA98193D5DDF00C7BF0F /* PhotoViewerTests.m */ = {isa = PBXFileReference; lastKnownFileType = sourcecode.c.objc; path = PhotoViewerTests.m; sourceTree = "<group>"; };
		BA84CAA2193D606A00C7BF0F /* Main.storyboard */ = {isa = PBXFileReference; fileEncoding = 4; lastKnownFileType = file.storyboard; name = Main.storyboard; path = ../Main.storyboard; sourceTree = "<group>"; };
		BA84CAA4193D71B900C7BF0F /* Photo.h */ = {isa = PBXFileReference; fileEncoding = 4; lastKnownFileType = sourcecode.c.h; path = Photo.h; sourceTree = "<group>"; };
		BA84CAA5193D71B900C7BF0F /* Photo.m */ = {isa = PBXFileReference; fileEncoding = 4; lastKnownFileType = sourcecode.c.objc; path = Photo.m; sourceTree = "<group>"; };
		BA84CAA7193D722A00C7BF0F /* PhotosTableViewController.h */ = {isa = PBXFileReference; fileEncoding = 4; lastKnownFileType = sourcecode.c.h; path = PhotosTableViewController.h; sourceTree = "<group>"; };
		BA84CAA8193D722A00C7BF0F /* PhotosTableViewController.m */ = {isa = PBXFileReference; fileEncoding = 4; lastKnownFileType = sourcecode.c.objc; path = PhotosTableViewController.m; sourceTree = "<group>"; };
		BA84CAAA193D725100C7BF0F /* DisplayViewController.h */ = {isa = PBXFileReference; fileEncoding = 4; lastKnownFileType = sourcecode.c.h; path = DisplayViewController.h; sourceTree = "<group>"; };
		BA84CAAB193D725100C7BF0F /* DisplayViewController.m */ = {isa = PBXFileReference; fileEncoding = 4; lastKnownFileType = sourcecode.c.objc; path = DisplayViewController.m; sourceTree = "<group>"; };
		BA84CAAD193D725E00C7BF0F /* InfoViewController.h */ = {isa = PBXFileReference; fileEncoding = 4; lastKnownFileType = sourcecode.c.h; path = InfoViewController.h; sourceTree = "<group>"; };
		BA84CAAE193D725E00C7BF0F /* InfoViewController.m */ = {isa = PBXFileReference; fileEncoding = 4; lastKnownFileType = sourcecode.c.objc; path = InfoViewController.m; sourceTree = "<group>"; };
/* End PBXFileReference section */

/* Begin PBXFrameworksBuildPhase section */
		BA84CA67193D5DDF00C7BF0F /* Frameworks */ = {
			isa = PBXFrameworksBuildPhase;
			buildActionMask = 2147483647;
			files = (
				BA84CA70193D5DDF00C7BF0F /* CoreGraphics.framework in Frameworks */,
				BA84CA72193D5DDF00C7BF0F /* UIKit.framework in Frameworks */,
				BA84CA6E193D5DDF00C7BF0F /* Foundation.framework in Frameworks */,
			);
			runOnlyForDeploymentPostprocessing = 0;
		};
		BA84CA88193D5DDF00C7BF0F /* Frameworks */ = {
			isa = PBXFrameworksBuildPhase;
			buildActionMask = 2147483647;
			files = (
				BA84CA8D193D5DDF00C7BF0F /* XCTest.framework in Frameworks */,
				BA84CA8F193D5DDF00C7BF0F /* UIKit.framework in Frameworks */,
				BA84CA8E193D5DDF00C7BF0F /* Foundation.framework in Frameworks */,
			);
			runOnlyForDeploymentPostprocessing = 0;
		};
/* End PBXFrameworksBuildPhase section */

/* Begin PBXGroup section */
		BA84CA61193D5DDF00C7BF0F = {
			isa = PBXGroup;
			children = (
				BA84CA73193D5DDF00C7BF0F /* PhotoViewer */,
				BA84CA92193D5DDF00C7BF0F /* PhotoViewerTests */,
				BA84CA6C193D5DDF00C7BF0F /* Frameworks */,
				BA84CA6B193D5DDF00C7BF0F /* Products */,
			);
			sourceTree = "<group>";
		};
		BA84CA6B193D5DDF00C7BF0F /* Products */ = {
			isa = PBXGroup;
			children = (
				BA84CA6A193D5DDF00C7BF0F /* PhotoViewer.app */,
				BA84CA8B193D5DDF00C7BF0F /* PhotoViewerTests.xctest */,
			);
			name = Products;
			sourceTree = "<group>";
		};
		BA84CA6C193D5DDF00C7BF0F /* Frameworks */ = {
			isa = PBXGroup;
			children = (
				BA84CA6D193D5DDF00C7BF0F /* Foundation.framework */,
				BA84CA6F193D5DDF00C7BF0F /* CoreGraphics.framework */,
				BA84CA71193D5DDF00C7BF0F /* UIKit.framework */,
				BA84CA8C193D5DDF00C7BF0F /* XCTest.framework */,
			);
			name = Frameworks;
			sourceTree = "<group>";
		};
		BA84CA73193D5DDF00C7BF0F /* PhotoViewer */ = {
			isa = PBXGroup;
			children = (
				BA84CA7C193D5DDF00C7BF0F /* AppDelegate.h */,
				BA84CA7D193D5DDF00C7BF0F /* AppDelegate.m */,
				BA84CAA2193D606A00C7BF0F /* Main.storyboard */,
				BA84CAA7193D722A00C7BF0F /* PhotosTableViewController.h */,
				BA84CAA8193D722A00C7BF0F /* PhotosTableViewController.m */,
				BA84CAAA193D725100C7BF0F /* DisplayViewController.h */,
				BA84CAAB193D725100C7BF0F /* DisplayViewController.m */,
				BA84CAAD193D725E00C7BF0F /* InfoViewController.h */,
				BA84CAAE193D725E00C7BF0F /* InfoViewController.m */,
				BA84CAA4193D71B900C7BF0F /* Photo.h */,
				BA84CAA5193D71B900C7BF0F /* Photo.m */,
				BA84CA85193D5DDF00C7BF0F /* Images.xcassets */,
				BA84CA74193D5DDF00C7BF0F /* Supporting Files */,
			);
			path = PhotoViewer;
			sourceTree = "<group>";
		};
		BA84CA74193D5DDF00C7BF0F /* Supporting Files */ = {
			isa = PBXGroup;
			children = (
				BA84CA75193D5DDF00C7BF0F /* PhotoViewer-Info.plist */,
				BA84CA76193D5DDF00C7BF0F /* InfoPlist.strings */,
				BA84CA79193D5DDF00C7BF0F /* main.m */,
				BA84CA7B193D5DDF00C7BF0F /* PhotoViewer-Prefix.pch */,
			);
			name = "Supporting Files";
			sourceTree = "<group>";
		};
		BA84CA92193D5DDF00C7BF0F /* PhotoViewerTests */ = {
			isa = PBXGroup;
			children = (
				BA84CA98193D5DDF00C7BF0F /* PhotoViewerTests.m */,
				BA84CA93193D5DDF00C7BF0F /* Supporting Files */,
			);
			path = PhotoViewerTests;
			sourceTree = "<group>";
		};
		BA84CA93193D5DDF00C7BF0F /* Supporting Files */ = {
			isa = PBXGroup;
			children = (
				BA84CA94193D5DDF00C7BF0F /* PhotoViewerTests-Info.plist */,
				BA84CA95193D5DDF00C7BF0F /* InfoPlist.strings */,
			);
			name = "Supporting Files";
			sourceTree = "<group>";
		};
/* End PBXGroup section */

/* Begin PBXNativeTarget section */
		BA84CA69193D5DDF00C7BF0F /* PhotoViewer */ = {
			isa = PBXNativeTarget;
			buildConfigurationList = BA84CA9C193D5DDF00C7BF0F /* Build configuration list for PBXNativeTarget "PhotoViewer" */;
			buildPhases = (
				BA84CA66193D5DDF00C7BF0F /* Sources */,
				BA84CA67193D5DDF00C7BF0F /* Frameworks */,
				BA84CA68193D5DDF00C7BF0F /* Resources */,
			);
			buildRules = (
			);
			dependencies = (
			);
			name = PhotoViewer;
			productName = PhotoViewer;
			productReference = BA84CA6A193D5DDF00C7BF0F /* PhotoViewer.app */;
			productType = "com.apple.product-type.application";
		};
		BA84CA8A193D5DDF00C7BF0F /* PhotoViewerTests */ = {
			isa = PBXNativeTarget;
			buildConfigurationList = BA84CA9F193D5DDF00C7BF0F /* Build configuration list for PBXNativeTarget "PhotoViewerTests" */;
			buildPhases = (
				BA84CA87193D5DDF00C7BF0F /* Sources */,
				BA84CA88193D5DDF00C7BF0F /* Frameworks */,
				BA84CA89193D5DDF00C7BF0F /* Resources */,
			);
			buildRules = (
			);
			dependencies = (
				BA84CA91193D5DDF00C7BF0F /* PBXTargetDependency */,
			);
			name = PhotoViewerTests;
			productName = PhotoViewerTests;
			productReference = BA84CA8B193D5DDF00C7BF0F /* PhotoViewerTests.xctest */;
			productType = "com.apple.product-type.bundle.unit-test";
		};
/* End PBXNativeTarget section */

/* Begin PBXProject section */
		BA84CA62193D5DDF00C7BF0F /* Project object */ = {
			isa = PBXProject;
			attributes = {
				LastUpgradeCheck = 0510;
				ORGANIZATIONNAME = "Rakshit Pithadia";
				TargetAttributes = {
					BA84CA8A193D5DDF00C7BF0F = {
						TestTargetID = BA84CA69193D5DDF00C7BF0F;
					};
				};
			};
			buildConfigurationList = BA84CA65193D5DDF00C7BF0F /* Build configuration list for PBXProject "PhotoViewer" */;
			compatibilityVersion = "Xcode 3.2";
			developmentRegion = English;
			hasScannedForEncodings = 0;
			knownRegions = (
				en,
				Base,
			);
			mainGroup = BA84CA61193D5DDF00C7BF0F;
			productRefGroup = BA84CA6B193D5DDF00C7BF0F /* Products */;
			projectDirPath = "";
			projectRoot = "";
			targets = (
				BA84CA69193D5DDF00C7BF0F /* PhotoViewer */,
				BA84CA8A193D5DDF00C7BF0F /* PhotoViewerTests */,
			);
		};
/* End PBXProject section */

/* Begin PBXResourcesBuildPhase section */
		BA84CA68193D5DDF00C7BF0F /* Resources */ = {
			isa = PBXResourcesBuildPhase;
			buildActionMask = 2147483647;
			files = (
				BA84CAA3193D606A00C7BF0F /* Main.storyboard in Resources */,
				BA84CA86193D5DDF00C7BF0F /* Images.xcassets in Resources */,
				BA84CA78193D5DDF00C7BF0F /* InfoPlist.strings in Resources */,
			);
			runOnlyForDeploymentPostprocessing = 0;
		};
		BA84CA89193D5DDF00C7BF0F /* Resources */ = {
			isa = PBXResourcesBuildPhase;
			buildActionMask = 2147483647;
			files = (
				BA84CA97193D5DDF00C7BF0F /* InfoPlist.strings in Resources */,
			);
			runOnlyForDeploymentPostprocessing = 0;
		};
/* End PBXResourcesBuildPhase section */

/* Begin PBXSourcesBuildPhase section */
		BA84CA66193D5DDF00C7BF0F /* Sources */ = {
			isa = PBXSourcesBuildPhase;
			buildActionMask = 2147483647;
			files = (
				BA84CAAC193D725100C7BF0F /* DisplayViewController.m in Sources */,
				BA84CAA6193D71B900C7BF0F /* Photo.m in Sources */,
				BA84CAAF193D725E00C7BF0F /* InfoViewController.m in Sources */,
				BA84CA7E193D5DDF00C7BF0F /* AppDelegate.m in Sources */,
				BA84CAA9193D722A00C7BF0F /* PhotosTableViewController.m in Sources */,
				BA84CA7A193D5DDF00C7BF0F /* main.m in Sources */,
			);
			runOnlyForDeploymentPostprocessing = 0;
		};
		BA84CA87193D5DDF00C7BF0F /* Sources */ = {
			isa = PBXSourcesBuildPhase;
			buildActionMask = 2147483647;
			files = (
				BA84CA99193D5DDF00C7BF0F /* PhotoViewerTests.m in Sources */,
			);
			runOnlyForDeploymentPostprocessing = 0;
		};
/* End PBXSourcesBuildPhase section */

/* Begin PBXTargetDependency section */
		BA84CA91193D5DDF00C7BF0F /* PBXTargetDependency */ = {
			isa = PBXTargetDependency;
			target = BA84CA69193D5DDF00C7BF0F /* PhotoViewer */;
			targetProxy = BA84CA90193D5DDF00C7BF0F /* PBXContainerItemProxy */;
		};
/* End PBXTargetDependency section */

/* Begin PBXVariantGroup section */
		BA84CA76193D5DDF00C7BF0F /* InfoPlist.strings */ = {
			isa = PBXVariantGroup;
			children = (
				BA84CA77193D5DDF00C7BF0F /* en */,
			);
			name = InfoPlist.strings;
			sourceTree = "<group>";
		};
		BA84CA95193D5DDF00C7BF0F /* InfoPlist.strings */ = {
			isa = PBXVariantGroup;
			children = (
				BA84CA96193D5DDF00C7BF0F /* en */,
			);
			name = InfoPlist.strings;
			sourceTree = "<group>";
		};
/* End PBXVariantGroup section */

/* Begin XCBuildConfiguration section */
		BA84CA9A193D5DDF00C7BF0F /* Debug */ = {
			isa = XCBuildConfiguration;
			buildSettings = {
				ALWAYS_SEARCH_USER_PATHS = NO;
				CLANG_CXX_LANGUAGE_STANDARD = "gnu++0x";
				CLANG_CXX_LIBRARY = "libc++";
				CLANG_ENABLE_MODULES = YES;
				CLANG_ENABLE_OBJC_ARC = YES;
				CLANG_WARN_BOOL_CONVERSION = YES;
				CLANG_WARN_CONSTANT_CONVERSION = YES;
				CLANG_WARN_DIRECT_OBJC_ISA_USAGE = YES_ERROR;
				CLANG_WARN_EMPTY_BODY = YES;
				CLANG_WARN_ENUM_CONVERSION = YES;
				CLANG_WARN_INT_CONVERSION = YES;
				CLANG_WARN_OBJC_ROOT_CLASS = YES_ERROR;
				CLANG_WARN__DUPLICATE_METHOD_MATCH = YES;
				"CODE_SIGN_IDENTITY[sdk=iphoneos*]" = "iPhone Developer";
				COPY_PHASE_STRIP = NO;
				GCC_C_LANGUAGE_STANDARD = gnu99;
				GCC_DYNAMIC_NO_PIC = NO;
				GCC_OPTIMIZATION_LEVEL = 0;
				GCC_PREPROCESSOR_DEFINITIONS = (
					"DEBUG=1",
					"$(inherited)",
				);
				GCC_SYMBOLS_PRIVATE_EXTERN = NO;
				GCC_WARN_64_TO_32_BIT_CONVERSION = YES;
				GCC_WARN_ABOUT_RETURN_TYPE = YES_ERROR;
				GCC_WARN_UNDECLARED_SELECTOR = YES;
				GCC_WARN_UNINITIALIZED_AUTOS = YES_AGGRESSIVE;
				GCC_WARN_UNUSED_FUNCTION = YES;
				GCC_WARN_UNUSED_VARIABLE = YES;
				IPHONEOS_DEPLOYMENT_TARGET = 7.1;
				ONLY_ACTIVE_ARCH = YES;
				SDKROOT = iphoneos;
			};
			name = Debug;
		};
		BA84CA9B193D5DDF00C7BF0F /* Release */ = {
			isa = XCBuildConfiguration;
			buildSettings = {
				ALWAYS_SEARCH_USER_PATHS = NO;
				CLANG_CXX_LANGUAGE_STANDARD = "gnu++0x";
				CLANG_CXX_LIBRARY = "libc++";
				CLANG_ENABLE_MODULES = YES;
				CLANG_ENABLE_OBJC_ARC = YES;
				CLANG_WARN_BOOL_CONVERSION = YES;
				CLANG_WARN_CONSTANT_CONVERSION = YES;
				CLANG_WARN_DIRECT_OBJC_ISA_USAGE = YES_ERROR;
				CLANG_WARN_EMPTY_BODY = YES;
				CLANG_WARN_ENUM_CONVERSION = YES;
				CLANG_WARN_INT_CONVERSION = YES;
				CLANG_WARN_OBJC_ROOT_CLASS = YES_ERROR;
				CLANG_WARN__DUPLICATE_METHOD_MATCH = YES;
				"CODE_SIGN_IDENTITY[sdk=iphoneos*]" = "iPhone Developer";
				COPY_PHASE_STRIP = YES;
				ENABLE_NS_ASSERTIONS = NO;
				GCC_C_LANGUAGE_STANDARD = gnu99;
				GCC_WARN_64_TO_32_BIT_CONVERSION = YES;
				GCC_WARN_ABOUT_RETURN_TYPE = YES_ERROR;
				GCC_WARN_UNDECLARED_SELECTOR = YES;
				GCC_WARN_UNINITIALIZED_AUTOS = YES_AGGRESSIVE;
				GCC_WARN_UNUSED_FUNCTION = YES;
				GCC_WARN_UNUSED_VARIABLE = YES;
				IPHONEOS_DEPLOYMENT_TARGET = 7.1;
				SDKROOT = iphoneos;
				VALIDATE_PRODUCT = YES;
			};
			name = Release;
		};
		BA84CA9D193D5DDF00C7BF0F /* Debug */ = {
			isa = XCBuildConfiguration;
			buildSettings = {
				ASSETCATALOG_COMPILER_APPICON_NAME = AppIcon;
				ASSETCATALOG_COMPILER_LAUNCHIMAGE_NAME = LaunchImage;
				GCC_PRECOMPILE_PREFIX_HEADER = YES;
				GCC_PREFIX_HEADER = "PhotoViewer/PhotoViewer-Prefix.pch";
				INFOPLIST_FILE = "PhotoViewer/PhotoViewer-Info.plist";
				PRODUCT_NAME = "$(TARGET_NAME)";
				WRAPPER_EXTENSION = app;
			};
			name = Debug;
		};
		BA84CA9E193D5DDF00C7BF0F /* Release */ = {
			isa = XCBuildConfiguration;
			buildSettings = {
				ASSETCATALOG_COMPILER_APPICON_NAME = AppIcon;
				ASSETCATALOG_COMPILER_LAUNCHIMAGE_NAME = LaunchImage;
				GCC_PRECOMPILE_PREFIX_HEADER = YES;
				GCC_PREFIX_HEADER = "PhotoViewer/PhotoViewer-Prefix.pch";
				INFOPLIST_FILE = "PhotoViewer/PhotoViewer-Info.plist";
				PRODUCT_NAME = "$(TARGET_NAME)";
				WRAPPER_EXTENSION = app;
			};
			name = Release;
		};
		BA84CAA0193D5DDF00C7BF0F /* Debug */ = {
			isa = XCBuildConfiguration;
			buildSettings = {
				BUNDLE_LOADER = "$(BUILT_PRODUCTS_DIR)/PhotoViewer.app/PhotoViewer";
				FRAMEWORK_SEARCH_PATHS = (
					"$(SDKROOT)/Developer/Library/Frameworks",
					"$(inherited)",
					"$(DEVELOPER_FRAMEWORKS_DIR)",
				);
				GCC_PRECOMPILE_PREFIX_HEADER = YES;
				GCC_PREFIX_HEADER = "PhotoViewer/PhotoViewer-Prefix.pch";
				GCC_PREPROCESSOR_DEFINITIONS = (
					"DEBUG=1",
					"$(inherited)",
				);
				INFOPLIST_FILE = "PhotoViewerTests/PhotoViewerTests-Info.plist";
				PRODUCT_NAME = "$(TARGET_NAME)";
				TEST_HOST = "$(BUNDLE_LOADER)";
				WRAPPER_EXTENSION = xctest;
			};
			name = Debug;
		};
		BA84CAA1193D5DDF00C7BF0F /* Release */ = {
			isa = XCBuildConfiguration;
			buildSettings = {
				BUNDLE_LOADER = "$(BUILT_PRODUCTS_DIR)/PhotoViewer.app/PhotoViewer";
				FRAMEWORK_SEARCH_PATHS = (
					"$(SDKROOT)/Developer/Library/Frameworks",
					"$(inherited)",
					"$(DEVELOPER_FRAMEWORKS_DIR)",
				);
				GCC_PRECOMPILE_PREFIX_HEADER = YES;
				GCC_PREFIX_HEADER = "PhotoViewer/PhotoViewer-Prefix.pch";
				INFOPLIST_FILE = "PhotoViewerTests/PhotoViewerTests-Info.plist";
				PRODUCT_NAME = "$(TARGET_NAME)";
				TEST_HOST = "$(BUNDLE_LOADER)";
				WRAPPER_EXTENSION = xctest;
			};
			name = Release;
		};
/* End XCBuildConfiguration section */

/* Begin XCConfigurationList section */
		BA84CA65193D5DDF00C7BF0F /* Build configuration list for PBXProject "PhotoViewer" */ = {
			isa = XCConfigurationList;
			buildConfigurations = (
				BA84CA9A193D5DDF00C7BF0F /* Debug */,
				BA84CA9B193D5DDF00C7BF0F /* Release */,
			);
			defaultConfigurationIsVisible = 0;
			defaultConfigurationName = Release;
		};
		BA84CA9C193D5DDF00C7BF0F /* Build configuration list for PBXNativeTarget "PhotoViewer" */ = {
			isa = XCConfigurationList;
			buildConfigurations = (
				BA84CA9D193D5DDF00C7BF0F /* Debug */,
				BA84CA9E193D5DDF00C7BF0F /* Release */,
			);
			defaultConfigurationIsVisible = 0;
		};
		BA84CA9F193D5DDF00C7BF0F /* Build configuration list for PBXNativeTarget "PhotoViewerTests" */ = {
			isa = XCConfigurationList;
			buildConfigurations = (
				BA84CAA0193D5DDF00C7BF0F /* Debug */,
				BA84CAA1193D5DDF00C7BF0F /* Release */,
			);
			defaultConfigurationIsVisible = 0;
		};
/* End XCConfigurationList section */
	};
	rootObject = BA84CA62193D5DDF00C7BF0F /* Project object */;
}
